
Microsoft Visual Studio Solution File, Format Version 12.00
# Visual Studio 2013
VisualStudioVersion = 12.0.21005.1
MinimumVisualStudioVersion = 10.0.40219.1
Project("{FAE04EC0-301F-11D3-BF4B-00C04F79EFBC}") = "pruebaPersonas", "pruebaPersonas\pruebaPersonas.csproj", "{DA9996D9-4A7E-4642-B85D-8F1A000BF9A1}"
EndProject
Project("{FAE04EC0-301F-11D3-BF4B-00C04F79EFBC}") = "pruebaPersonas.Tests", "pruebaPersonas.Tests\pruebaPersonas.Tests.csproj", "{FCDCA6BA-52C8-407F-896B-0FB0D1636F9B}"
EndProject
Global
	GlobalSection(SolutionConfigurationPlatforms) = preSolution
		Debug|Any CPU = Debug|Any CPU
		Release|Any CPU = Release|Any CPU
	EndGlobalSection
	GlobalSection(ProjectConfigurationPlatforms) = postSolution
		{DA9996D9-4A7E-4642-B85D-8F1A000BF9A1}.Debug|Any CPU.ActiveCfg = Debug|Any CPU
		{DA9996D9-4A7E-4642-B85D-8F1A000BF9A1}.Debug|Any CPU.Build.0 = Debug|Any CPU
		{DA9996D9-4A7E-4642-B85D-8F1A000BF9A1}.Release|Any CPU.ActiveCfg = Release|Any CPU
		{DA9996D9-4A7E-4642-B85D-8F1A000BF9A1}.Release|Any CPU.Build.0 = Release|Any CPU
		{FCDCA6BA-52C8-407F-896B-0FB0D1636F9B}.Debug|Any CPU.ActiveCfg = Debug|Any CPU
		{FCDCA6BA-52C8-407F-896B-0FB0D1636F9B}.Debug|Any CPU.Build.0 = Debug|Any CPU
		{FCDCA6BA-52C8-407F-896B-0FB0D1636F9B}.Release|Any CPU.ActiveCfg = Release|Any CPU
		{FCDCA6BA-52C8-407F-896B-0FB0D1636F9B}.Release|Any CPU.Build.0 = Release|Any CPU
	EndGlobalSection
	GlobalSection(SolutionProperties) = preSolution
		HideSolutionNode = FALSE
	EndGlobalSection
EndGlobal
